Microsoft Visual Studio Solution File, Format Version 12.00
# Visual Studio Version 18
VisualStudioVersion = 18.0.11018.127
MinimumVisualStudioVersion = 10.0.40219.1
Project("{9A19103F-16F7-4668-BE54-9A1E7A4F7556}") = "RemoteNET", "RemoteNET\src\RemoteNET\RemoteNET.csproj", "{D1ACBDEC-184B-4F5B-85CD-E02B5F712121}"
	ProjectSection(ProjectDependencies) = postProject
		{0C3EB2F7-92BA-4895-99FC-7098A16FFE8C} = {0C3EB2F7-92BA-4895-99FC-7098A16FFE8C}
		{150D1E84-A740-44FA-A245-719C88297524} = {150D1E84-A740-44FA-A245-719C88297524}
		{2ADCC09E-E6B0-4D3F-9789-69B257DC77A5} = {2ADCC09E-E6B0-4D3F-9789-69B257DC77A5}
		{5DE7F97C-B97B-489F-A1E4-9F9656317F94} = {5DE7F97C-B97B-489F-A1E4-9F9656317F94}
		{6A7830BB-A9C9-4375-8419-72E28F96FDEA} = {6A7830BB-A9C9-4375-8419-72E28F96FDEA}
		{6BECE792-2088-3C21-A86B-D4665F85BD5B} = {6BECE792-2088-3C21-A86B-D4665F85BD5B}
		{71033F61-0D65-468E-81E7-A5765BCF9282} = {71033F61-0D65-468E-81E7-A5765BCF9282}
		{776CB808-45B2-4D13-8B5D-E48BD0B37AB2} = {776CB808-45B2-4D13-8B5D-E48BD0B37AB2}
		{8DF5D538-941D-44E8-803E-9E135926EBE8} = {8DF5D538-941D-44E8-803E-9E135926EBE8}
		{A0CC829C-E3B5-419B-A303-5A710389B74D} = {A0CC829C-E3B5-419B-A303-5A710389B74D}
		{D46A9A80-9DFA-4CBA-9FA3-4CFFDC5A142D} = {D46A9A80-9DFA-4CBA-9FA3-4CFFDC5A142D}
		{E9771628-EF64-4DD8-9906-E7B1990A0FB9} = {E9771628-EF64-4DD8-9906-E7B1990A0FB9}
	EndProjectSection
EndProject
Project("{FAE04EC0-301F-11D3-BF4B-00C04F79EFBC}") = "ScubaDiver_NetFramework", "RemoteNET\src\ScubaDiver\project_netframework\ScubaDiver_NetFramework.csproj", "{8DF5D538-941D-44E8-803E-9E135926EBE8}"
EndProject
Project("{9A19103F-16F7-4668-BE54-9A1E7A4F7556}") = "ScubaDiver_NetCore", "RemoteNET\src\ScubaDiver\project_netcore\ScubaDiver_NetCore.csproj", "{A0CC829C-E3B5-419B-A303-5A710389B74D}"
EndProject
Project("{9A19103F-16F7-4668-BE54-9A1E7A4F7556}") = "ScubaDiver_Net5", "RemoteNET\src\ScubaDiver\project_net5\ScubaDiver_Net5.csproj", "{776CB808-45B2-4D13-8B5D-E48BD0B37AB2}"
EndProject
Project("{9A19103F-16F7-4668-BE54-9A1E7A4F7556}") = "ScubaDiver.API", "RemoteNET\src\ScubaDiver.API\ScubaDiver.API.csproj", "{0FE20420-27E2-467F-AB2D-78B6A795B255}"
EndProject
Project("{9A19103F-16F7-4668-BE54-9A1E7A4F7556}") = "RemoteNET.Tester", "RemoteNET\src\RemoteNET.Tester\RemoteNET.Tester.csproj", "{36994939-E133-43BD-8819-48EECF943E7E}"
EndProject
Project("{9A19103F-16F7-4668-BE54-9A1E7A4F7556}") = "DebuggableDummy", "RemoteNET\src\DebuggableDummy\DebuggableDummy.csproj", "{BFD7273C-97B4-428F-BB5E-C1299B2EBA41}"
EndProject
Project("{9A19103F-16F7-4668-BE54-9A1E7A4F7556}") = "ScubaDiver_Net6_x86", "RemoteNET\src\ScubaDiver\project_net6_x86\ScubaDiver_Net6_x86.csproj", "{2ADCC09E-E6B0-4D3F-9789-69B257DC77A5}"
	ProjectSection(ProjectDependencies) = postProject
		{6BECE792-2088-3C21-A86B-D4665F85BD5B} = {6BECE792-2088-3C21-A86B-D4665F85BD5B}
		{BD00310B-63F7-4356-9669-7035AFF6B9D3} = {BD00310B-63F7-4356-9669-7035AFF6B9D3}
	EndProjectSection
EndProject
Project("{9A19103F-16F7-4668-BE54-9A1E7A4F7556}") = "ScubaDiver_Net6_x64", "RemoteNET\src\ScubaDiver\project_net6_x64\ScubaDiver_Net6_x64.csproj", "{6A7830BB-A9C9-4375-8419-72E28F96FDEA}"
	ProjectSection(ProjectDependencies) = postProject
		{6BECE792-2088-3C21-A86B-D4665F85BD5B} = {6BECE792-2088-3C21-A86B-D4665F85BD5B}
		{87A03B93-355A-4F2B-8BC6-EE1459DE10DD} = {87A03B93-355A-4F2B-8BC6-EE1459DE10DD}
	EndProjectSection
EndProject
Project("{9A19103F-16F7-4668-BE54-9A1E7A4F7556}") = "Lifeboat", "RemoteNET\src\Lifeboat\Lifeboat.csproj", "{150D1E84-A740-44FA-A245-719C88297524}"
EndProject
Project("{9A19103F-16F7-4668-BE54-9A1E7A4F7556}") = "RemoteNET.Common", "RemoteNET\src\RemoteNET.Common\RemoteNET.Common.csproj", "{022107D8-0318-43FA-A183-7E3279131308}"
EndProject
Project("{2150E333-8FDC-42A3-9474-1A3956D46DE8}") = "DetoursNet", "DetoursNet", "{62F04F34-6B70-4A71-878D-39E4C2B88B83}"
EndProject
Project("{2150E333-8FDC-42A3-9474-1A3956D46DE8}") = "Divers", "Divers", "{3CA60CA5-1EF0-44DC-8AE9-E29D79889307}"
EndProject
Project("{9A19103F-16F7-4668-BE54-9A1E7A4F7556}") = "ScubaDiver.Demangle", "RemoteNET\src\ScubaDiver.Demangle\ScubaDiver.Demangle.csproj", "{7639EAA9-E75C-4117-A199-3CB3D6522A1D}"
EndProject
Project("{9A19103F-16F7-4668-BE54-9A1E7A4F7556}") = "LifeboatProxy", "RemoteNET\src\LifeboatProxy\LifeboatProxy.csproj", "{52FBCBDC-C347-4A0A-BE58-29E749A755A3}"
EndProject
Project("{FAE04EC0-301F-11D3-BF4B-00C04F79EFBC}") = "DetoursNet", "RemoteNET\src\detours_build\detours.net\DetoursNet\DetoursNet.csproj", "{2823B68C-0B36-3BDA-857B-CF8C5ECD95B9}"
EndProject
Project("{9A19103F-16F7-4668-BE54-9A1E7A4F7556}") = "ScubaDiver.API.Tests", "RemoteNET\src\ScubaDiver.API.Tests\ScubaDiver.API.Tests.csproj", "{9B25E3D2-91A8-4784-A3A3-39C1BE36A52A}"
EndProject
Project("{8BC9CEB8-8B4A-11D0-8D11-00A0C91BC942}") = "ALL_BUILD", "RemoteNET\src\detours_build\ALL_BUILD.vcxproj", "{6BECE792-2088-3C21-A86B-D4665F85BD5B}"
EndProject
Project("{8BC9CEB8-8B4A-11D0-8D11-00A0C91BC942}") = "DetoursDll", "RemoteNET\src\detours_build\detours.net\DetoursDll\DetoursDll.vcxproj", "{7184D643-E932-3C21-AF55-9620E7A4D856}"
EndProject
Project("{8BC9CEB8-8B4A-11D0-8D11-00A0C91BC942}") = "DetoursNetCLR", "RemoteNET\src\detours_build\detours.net\DetoursNetCLR\DetoursNetCLR.vcxproj", "{34F5EBED-7E7E-352E-9834-DC48564899FC}"
EndProject
Project("{8BC9CEB8-8B4A-11D0-8D11-00A0C91BC942}") = "DetoursNetRuntime", "RemoteNET\src\detours_build\detours.net\DetoursNetRuntime\DetoursNetRuntime.vcxproj", "{AE55C782-4498-38A2-B93E-965A4F6B7834}"
EndProject
Project("{9A19103F-16F7-4668-BE54-9A1E7A4F7556}") = "RemoteNET.Tests", "RemoteNET\src\RemoteNET.Tests\RemoteNET.Tests.csproj", "{34AD5E44-7F16-4A11-BF6F-4CBB6AF76880}"
EndProject
Project("{2150E333-8FDC-42A3-9474-1A3956D46DE8}") = "RemoteNET_Dir", "RemoteNET_Dir", "{0E8DBEA2-CED1-45BE-9446-934E5FEAF6B6}"
EndProject
Project("{9A19103F-16F7-4668-BE54-9A1E7A4F7556}") = "rnet-kit", "rnet-kit\rnet-kit.csproj", "{032DE66E-1E4E-4A17-BB76-E8A53064F20C}"
	ProjectSection(ProjectDependencies) = postProject
		{34BBD94E-87A6-44A2-9C63-24366D8F7DD9} = {34BBD94E-87A6-44A2-9C63-24366D8F7DD9}
		{7165FD4C-9A32-C868-C577-3A809620C9CF} = {7165FD4C-9A32-C868-C577-3A809620C9CF}
		{BAEFE38C-A5ED-45A9-AC76-3B77F1CDD767} = {BAEFE38C-A5ED-45A9-AC76-3B77F1CDD767}
		{F3714CAB-A63D-4F89-BF6A-7B3442508712} = {F3714CAB-A63D-4F89-BF6A-7B3442508712}
	EndProjectSection
EndProject
Project("{9A19103F-16F7-4668-BE54-9A1E7A4F7556}") = "rnet-trace", "rnet-trace\rnet-trace.csproj", "{D679777B-9059-405D-B186-1B5B290AAA85}"
EndProject
Project("{9A19103F-16F7-4668-BE54-9A1E7A4F7556}") = "rnet-ps", "rnet-ps\rnet-ps.csproj", "{6317BE0B-2F14-4665-A9C3-FC63D797B963}"
EndProject
Project("{9A19103F-16F7-4668-BE54-9A1E7A4F7556}") = "rnet-dump", "rnet-dump\rnet-dump.csproj", "{09FFD0FC-7995-4310-867F-F4832E446CAC}"
EndProject
Project("{2150E333-8FDC-42A3-9474-1A3956D46DE8}") = "rnet-repl", "rnet-repl", "{7497163C-AA7D-4AB1-BFFB-10220209B99C}"
EndProject
Project("{9A19103F-16F7-4668-BE54-9A1E7A4F7556}") = "CSharpRepl", "rnet-repl\RemoteNetRepl\CSharpRepl\CSharpRepl.csproj", "{34BBD94E-87A6-44A2-9C63-24366D8F7DD9}"
EndProject
Project("{9A19103F-16F7-4668-BE54-9A1E7A4F7556}") = "CSharpRepl.Services", "rnet-repl\RemoteNetRepl\CSharpRepl.Services\CSharpRepl.Services.csproj", "{F3714CAB-A63D-4F89-BF6A-7B3442508712}"
EndProject
Project("{9A19103F-16F7-4668-BE54-9A1E7A4F7556}") = "RemoteNetSpy", "RemoteNetSpy\RemoteNetSpy.csproj", "{A2864E9C-DDD7-463E-B963-410768A16C4B}"
EndProject
Project("{9A19103F-16F7-4668-BE54-9A1E7A4F7556}") = "RnetKit.Common", "RnetKit.Common\RnetKit.Common.csproj", "{D076919A-FA21-48F5-A909-FC125AC51EBF}"
EndProject
Project("{2150E333-8FDC-42A3-9474-1A3956D46DE8}") = "Kit", "Kit", "{2A7A3D94-43E3-415A-9B67-743E3E07E91B}"
EndProject
Project("{2150E333-8FDC-42A3-9474-1A3956D46DE8}") = "Tests", "Tests", "{C6382446-FD96-4972-A246-138CCBB436AB}"
EndProject
Project("{9A19103F-16F7-4668-BE54-9A1E7A4F7556}") = "RemoteNET.Vessel", "RemoteNET\src\Tests\RemoteNET.Vessel\RemoteNET.Vessel.csproj", "{BFD9ED34-4066-47CC-9397-C3B1D728690E}"
EndProject
Project("{8BC9CEB8-8B4A-11D0-8D11-00A0C91BC942}") = "MsvcOffensiveGcHelper", "RemoteNET\src\MsvcOffensiveGcHelper\MsvcOffensiveGcHelper.vcxproj", "{BD00310B-63F7-4356-9669-7035AFF6B9D3}"
EndProject
Project("{8BC9CEB8-8B4A-11D0-8D11-00A0C91BC942}") = "MsvcOffensiveGcHelper_x64", "RemoteNET\src\MsvcOffensiveGcHelper\MsvcOffensiveGcHelper_x64.vcxproj", "{87A03B93-355A-4F2B-8BC6-EE1459DE10DD}"
EndProject
Project("{8BC9CEB8-8B4A-11D0-8D11-00A0C91BC942}") = "ZERO_CHECK", "RemoteNET\src\detours_build\ZERO_CHECK.vcxproj", "{937FFC26-543D-31F3-9D78-B0ADF6C120CC}"
EndProject
Project("{2150E333-8FDC-42A3-9474-1A3956D46DE8}") = "ConEmu", "ConEmu", "{B9C3CEAD-E0DC-4AC5-81FE-491A2B6A5BDE}"
EndProject
Project("{FAE04EC0-301F-11D3-BF4B-00C04F79EFBC}") = "ConEmuWinForms", "conemu-inside-net8\ConEmuWinForms\ConEmuWinForms.csproj", "{4F6C75D7-33BC-4F9B-BA29-9CA213E6A005}"
EndProject
Project("{FAE04EC0-301F-11D3-BF4B-00C04F79EFBC}") = "ConEmuWpf", "conemu-inside-net8\ConEmuWpf\ConEmuWpf.csproj", "{75E45E90-2C6F-4512-A551-C255303C436F}"
EndProject
Project("{2150E333-8FDC-42A3-9474-1A3956D46DE8}") = "Access", "Access", "{02EA681E-C7D8-13C7-8484-4AC65E1B71E8}"
EndProject
Project("{FAE04EC0-301F-11D3-BF4B-00C04F79EFBC}") = "SharpDllProxy", "RemoteNET\SharpDllProxy\SharpDllProxy\SharpDllProxy.csproj", "{BB5043FD-C71D-CCE0-1B94-71C08DF28686}"
EndProject
Project("{8BC9CEB8-8B4A-11D0-8D11-00A0C91BC942}") = "Injector", "RemoteNET\src\Injector\Injector.vcxproj", "{0C3EB2F7-92BA-4895-99FC-7098A16FFE8C}"
EndProject
Project("{8BC9CEB8-8B4A-11D0-8D11-00A0C91BC942}") = "Injector_x64", "RemoteNET\src\Injector\Injector_x64.vcxproj", "{71033F61-0D65-468E-81E7-A5765BCF9282}"
EndProject
Project("{8BC9CEB8-8B4A-11D0-8D11-00A0C91BC942}") = "UnmanagedAdapterDLL", "RemoteNET\src\UnmanagedAdapterDLL\UnmanagedAdapterDLL.vcxproj", "{5DE7F97C-B97B-489F-A1E4-9F9656317F94}"
EndProject
Project("{8BC9CEB8-8B4A-11D0-8D11-00A0C91BC942}") = "UnmanagedAdapterDLL_x64", "RemoteNET\src\UnmanagedAdapterDLL\UnmanagedAdapterDLL_x64.vcxproj", "{E9771628-EF64-4DD8-9906-E7B1990A0FB9}"
EndProject
Project("{9A19103F-16F7-4668-BE54-9A1E7A4F7556}") = "InjectableDummy", "RemoteNET\src\InjectableDummy\InjectableDummy.csproj", "{D46A9A80-9DFA-4CBA-9FA3-4CFFDC5A142D}"
EndProject
Project("{FAE04EC0-301F-11D3-BF4B-00C04F79EFBC}") = "SourceGenerator", "RemoteNET\src\SourceGenerator\SourceGenerator.csproj", "{8D85FAA3-C4F3-B8D4-EE81-EE865252B9E5}"
EndProject
Project("{FAE04EC0-301F-11D3-BF4B-00C04F79EFBC}") = "rnet-class-dump", "rnet-class-dump\rnet-class-dump.csproj", "{7165FD4C-9A32-C868-C577-3A809620C9CF}"
EndProject
Project("{FAE04EC0-301F-11D3-BF4B-00C04F79EFBC}") = "rnet-inject", "rnet-inject\rnet-inject.csproj", "{BAEFE38C-A5ED-45A9-AC76-3B77F1CDD767}"
EndProject
Project("{2150E333-8FDC-42A3-9474-1A3956D46DE8}") = "Solution Items", "Solution Items", "{8EC462FD-D22E-90A8-E5CE-7E832BA40C5D}"
	ProjectSection(SolutionItems) = preProject
		.vscode\mcp.json = .vscode\mcp.json
	EndProjectSection
EndProject
Project("{FAE04EC0-301F-11D3-BF4B-00C04F79EFBC}") = "SourceGenerator.Tests", "RemoteNET\src\SourceGenerator.Tests\SourceGenerator.Tests.csproj", "{1CB19F8D-45C7-AC35-FCB5-ED28719BCEDD}"
EndProject
Global
	GlobalSection(SolutionConfigurationPlatforms) = preSolution
		Debug|Mixed = Debug|Mixed
		Release|Mixed = Release|Mixed
	EndGlobalSection
	GlobalSection(ProjectConfigurationPlatforms) = postSolution
		{D1ACBDEC-184B-4F5B-85CD-E02B5F712121}.Debug|Mixed.ActiveCfg = Debug|Any CPU
		{D1ACBDEC-184B-4F5B-85CD-E02B5F712121}.Debug|Mixed.Build.0 = Debug|Any CPU
		{D1ACBDEC-184B-4F5B-85CD-E02B5F712121}.Release|Mixed.ActiveCfg = Release|Any CPU
		{D1ACBDEC-184B-4F5B-85CD-E02B5F712121}.Release|Mixed.Build.0 = Release|Any CPU
		{8DF5D538-941D-44E8-803E-9E135926EBE8}.Debug|Mixed.ActiveCfg = Debug|Any CPU
		{8DF5D538-941D-44E8-803E-9E135926EBE8}.Debug|Mixed.Build.0 = Debug|Any CPU
		{8DF5D538-941D-44E8-803E-9E135926EBE8}.Release|Mixed.ActiveCfg = Release|Any CPU
		{8DF5D538-941D-44E8-803E-9E135926EBE8}.Release|Mixed.Build.0 = Release|Any CPU
		{A0CC829C-E3B5-419B-A303-5A710389B74D}.Debug|Mixed.ActiveCfg = Debug|Any CPU
		{A0CC829C-E3B5-419B-A303-5A710389B74D}.Debug|Mixed.Build.0 = Debug|Any CPU
		{A0CC829C-E3B5-419B-A303-5A710389B74D}.Release|Mixed.ActiveCfg = Release|Any CPU
		{A0CC829C-E3B5-419B-A303-5A710389B74D}.Release|Mixed.Build.0 = Release|Any CPU
		{776CB808-45B2-4D13-8B5D-E48BD0B37AB2}.Debug|Mixed.ActiveCfg = Debug|Any CPU
		{776CB808-45B2-4D13-8B5D-E48BD0B37AB2}.Debug|Mixed.Build.0 = Debug|Any CPU
		{776CB808-45B2-4D13-8B5D-E48BD0B37AB2}.Release|Mixed.ActiveCfg = Release|Any CPU
		{776CB808-45B2-4D13-8B5D-E48BD0B37AB2}.Release|Mixed.Build.0 = Release|Any CPU
		{0FE20420-27E2-467F-AB2D-78B6A795B255}.Debug|Mixed.ActiveCfg = Debug|Any CPU
		{0FE20420-27E2-467F-AB2D-78B6A795B255}.Debug|Mixed.Build.0 = Debug|Any CPU
		{0FE20420-27E2-467F-AB2D-78B6A795B255}.Release|Mixed.ActiveCfg = Release|Any CPU
		{0FE20420-27E2-467F-AB2D-78B6A795B255}.Release|Mixed.Build.0 = Release|Any CPU
		{36994939-E133-43BD-8819-48EECF943E7E}.Debug|Mixed.ActiveCfg = Debug|Any CPU
		{36994939-E133-43BD-8819-48EECF943E7E}.Debug|Mixed.Build.0 = Debug|Any CPU
		{36994939-E133-43BD-8819-48EECF943E7E}.Release|Mixed.ActiveCfg = Release|Any CPU
		{36994939-E133-43BD-8819-48EECF943E7E}.Release|Mixed.Build.0 = Release|Any CPU
		{BFD7273C-97B4-428F-BB5E-C1299B2EBA41}.Debug|Mixed.ActiveCfg = Debug|x64
		{BFD7273C-97B4-428F-BB5E-C1299B2EBA41}.Debug|Mixed.Build.0 = Debug|x64
		{BFD7273C-97B4-428F-BB5E-C1299B2EBA41}.Release|Mixed.ActiveCfg = Release|x64
		{BFD7273C-97B4-428F-BB5E-C1299B2EBA41}.Release|Mixed.Build.0 = Release|x64
		{2ADCC09E-E6B0-4D3F-9789-69B257DC77A5}.Debug|Mixed.ActiveCfg = Debug|x86
		{2ADCC09E-E6B0-4D3F-9789-69B257DC77A5}.Debug|Mixed.Build.0 = Debug|x86
		{2ADCC09E-E6B0-4D3F-9789-69B257DC77A5}.Release|Mixed.ActiveCfg = Release|x86
		{2ADCC09E-E6B0-4D3F-9789-69B257DC77A5}.Release|Mixed.Build.0 = Release|x86
		{6A7830BB-A9C9-4375-8419-72E28F96FDEA}.Debug|Mixed.ActiveCfg = Debug|x64
		{6A7830BB-A9C9-4375-8419-72E28F96FDEA}.Debug|Mixed.Build.0 = Debug|x64
		{6A7830BB-A9C9-4375-8419-72E28F96FDEA}.Release|Mixed.ActiveCfg = Release|x64
		{6A7830BB-A9C9-4375-8419-72E28F96FDEA}.Release|Mixed.Build.0 = Release|x64
		{150D1E84-A740-44FA-A245-719C88297524}.Debug|Mixed.ActiveCfg = Debug|Any CPU
		{150D1E84-A740-44FA-A245-719C88297524}.Debug|Mixed.Build.0 = Debug|Any CPU
		{150D1E84-A740-44FA-A245-719C88297524}.Release|Mixed.ActiveCfg = Release|Any CPU
		{150D1E84-A740-44FA-A245-719C88297524}.Release|Mixed.Build.0 = Release|Any CPU
		{022107D8-0318-43FA-A183-7E3279131308}.Debug|Mixed.ActiveCfg = Debug|Any CPU
		{022107D8-0318-43FA-A183-7E3279131308}.Debug|Mixed.Build.0 = Debug|Any CPU
		{022107D8-0318-43FA-A183-7E3279131308}.Release|Mixed.ActiveCfg = Release|Any CPU
		{022107D8-0318-43FA-A183-7E3279131308}.Release|Mixed.Build.0 = Release|Any CPU
		{7639EAA9-E75C-4117-A199-3CB3D6522A1D}.Debug|Mixed.ActiveCfg = Debug|Any CPU
		{7639EAA9-E75C-4117-A199-3CB3D6522A1D}.Debug|Mixed.Build.0 = Debug|Any CPU
		{7639EAA9-E75C-4117-A199-3CB3D6522A1D}.Release|Mixed.ActiveCfg = Release|Any CPU
		{7639EAA9-E75C-4117-A199-3CB3D6522A1D}.Release|Mixed.Build.0 = Release|Any CPU
		{52FBCBDC-C347-4A0A-BE58-29E749A755A3}.Debug|Mixed.ActiveCfg = Debug|Any CPU
		{52FBCBDC-C347-4A0A-BE58-29E749A755A3}.Debug|Mixed.Build.0 = Debug|Any CPU
		{52FBCBDC-C347-4A0A-BE58-29E749A755A3}.Release|Mixed.ActiveCfg = Release|Any CPU
		{52FBCBDC-C347-4A0A-BE58-29E749A755A3}.Release|Mixed.Build.0 = Release|Any CPU
		{2823B68C-0B36-3BDA-857B-CF8C5ECD95B9}.Debug|Mixed.ActiveCfg = Debug|Any CPU
		{2823B68C-0B36-3BDA-857B-CF8C5ECD95B9}.Debug|Mixed.Build.0 = Debug|Any CPU
		{2823B68C-0B36-3BDA-857B-CF8C5ECD95B9}.Release|Mixed.ActiveCfg = RelWithDebInfo|Any CPU
		{2823B68C-0B36-3BDA-857B-CF8C5ECD95B9}.Release|Mixed.Build.0 = RelWithDebInfo|Any CPU
		{9B25E3D2-91A8-4784-A3A3-39C1BE36A52A}.Debug|Mixed.ActiveCfg = Debug|Any CPU
		{9B25E3D2-91A8-4784-A3A3-39C1BE36A52A}.Debug|Mixed.Build.0 = Debug|Any CPU
		{9B25E3D2-91A8-4784-A3A3-39C1BE36A52A}.Release|Mixed.ActiveCfg = Release|Any CPU
		{9B25E3D2-91A8-4784-A3A3-39C1BE36A52A}.Release|Mixed.Build.0 = Release|Any CPU
		{6BECE792-2088-3C21-A86B-D4665F85BD5B}.Debug|Mixed.ActiveCfg = Debug|x64
		{6BECE792-2088-3C21-A86B-D4665F85BD5B}.Debug|Mixed.Build.0 = Debug|x64
		{6BECE792-2088-3C21-A86B-D4665F85BD5B}.Release|Mixed.ActiveCfg = Release|x64
		{6BECE792-2088-3C21-A86B-D4665F85BD5B}.Release|Mixed.Build.0 = Release|x64
		{7184D643-E932-3C21-AF55-9620E7A4D856}.Debug|Mixed.ActiveCfg = Debug|x64
		{7184D643-E932-3C21-AF55-9620E7A4D856}.Debug|Mixed.Build.0 = Debug|x64
		{7184D643-E932-3C21-AF55-9620E7A4D856}.Release|Mixed.ActiveCfg = RelWithDebInfo|x64
		{7184D643-E932-3C21-AF55-9620E7A4D856}.Release|Mixed.Build.0 = RelWithDebInfo|x64
		{34F5EBED-7E7E-352E-9834-DC48564899FC}.Debug|Mixed.ActiveCfg = Debug|x64
		{34F5EBED-7E7E-352E-9834-DC48564899FC}.Debug|Mixed.Build.0 = Debug|x64
		{34F5EBED-7E7E-352E-9834-DC48564899FC}.Release|Mixed.ActiveCfg = RelWithDebInfo|x64
		{34F5EBED-7E7E-352E-9834-DC48564899FC}.Release|Mixed.Build.0 = RelWithDebInfo|x64
		{AE55C782-4498-38A2-B93E-965A4F6B7834}.Debug|Mixed.ActiveCfg = Debug|x64
		{AE55C782-4498-38A2-B93E-965A4F6B7834}.Debug|Mixed.Build.0 = Debug|x64
		{AE55C782-4498-38A2-B93E-965A4F6B7834}.Release|Mixed.ActiveCfg = RelWithDebInfo|x64
		{AE55C782-4498-38A2-B93E-965A4F6B7834}.Release|Mixed.Build.0 = RelWithDebInfo|x64
		{34AD5E44-7F16-4A11-BF6F-4CBB6AF76880}.Debug|Mixed.ActiveCfg = Debug|Any CPU
		{34AD5E44-7F16-4A11-BF6F-4CBB6AF76880}.Debug|Mixed.Build.0 = Debug|Any CPU
		{34AD5E44-7F16-4A11-BF6F-4CBB6AF76880}.Release|Mixed.ActiveCfg = Release|Any CPU
		{34AD5E44-7F16-4A11-BF6F-4CBB6AF76880}.Release|Mixed.Build.0 = Release|Any CPU
		{032DE66E-1E4E-4A17-BB76-E8A53064F20C}.Debug|Mixed.ActiveCfg = Debug|Any CPU
		{032DE66E-1E4E-4A17-BB76-E8A53064F20C}.Debug|Mixed.Build.0 = Debug|Any CPU
		{032DE66E-1E4E-4A17-BB76-E8A53064F20C}.Release|Mixed.ActiveCfg = Release|Any CPU
		{032DE66E-1E4E-4A17-BB76-E8A53064F20C}.Release|Mixed.Build.0 = Release|Any CPU
		{D679777B-9059-405D-B186-1B5B290AAA85}.Debug|Mixed.ActiveCfg = Debug|Any CPU
		{D679777B-9059-405D-B186-1B5B290AAA85}.Debug|Mixed.Build.0 = Debug|Any CPU
		{D679777B-9059-405D-B186-1B5B290AAA85}.Release|Mixed.ActiveCfg = Release|Any CPU
		{D679777B-9059-405D-B186-1B5B290AAA85}.Release|Mixed.Build.0 = Release|Any CPU
		{6317BE0B-2F14-4665-A9C3-FC63D797B963}.Debug|Mixed.ActiveCfg = Debug|Any CPU
		{6317BE0B-2F14-4665-A9C3-FC63D797B963}.Debug|Mixed.Build.0 = Debug|Any CPU
		{6317BE0B-2F14-4665-A9C3-FC63D797B963}.Release|Mixed.ActiveCfg = Release|Any CPU
		{6317BE0B-2F14-4665-A9C3-FC63D797B963}.Release|Mixed.Build.0 = Release|Any CPU
		{09FFD0FC-7995-4310-867F-F4832E446CAC}.Debug|Mixed.ActiveCfg = Debug|Any CPU
		{09FFD0FC-7995-4310-867F-F4832E446CAC}.Debug|Mixed.Build.0 = Debug|Any CPU
		{09FFD0FC-7995-4310-867F-F4832E446CAC}.Release|Mixed.ActiveCfg = Release|Any CPU
		{09FFD0FC-7995-4310-867F-F4832E446CAC}.Release|Mixed.Build.0 = Release|Any CPU
		{34BBD94E-87A6-44A2-9C63-24366D8F7DD9}.Debug|Mixed.ActiveCfg = Debug|Any CPU
		{34BBD94E-87A6-44A2-9C63-24366D8F7DD9}.Debug|Mixed.Build.0 = Debug|Any CPU
		{34BBD94E-87A6-44A2-9C63-24366D8F7DD9}.Release|Mixed.ActiveCfg = Release|Any CPU
		{34BBD94E-87A6-44A2-9C63-24366D8F7DD9}.Release|Mixed.Build.0 = Release|Any CPU
		{F3714CAB-A63D-4F89-BF6A-7B3442508712}.Debug|Mixed.ActiveCfg = Debug|Any CPU
		{F3714CAB-A63D-4F89-BF6A-7B3442508712}.Debug|Mixed.Build.0 = Debug|Any CPU
		{F3714CAB-A63D-4F89-BF6A-7B3442508712}.Release|Mixed.ActiveCfg = Release|Any CPU
		{F3714CAB-A63D-4F89-BF6A-7B3442508712}.Release|Mixed.Build.0 = Release|Any CPU
		{A2864E9C-DDD7-463E-B963-410768A16C4B}.Debug|Mixed.ActiveCfg = Debug|Any CPU
		{A2864E9C-DDD7-463E-B963-410768A16C4B}.Debug|Mixed.Build.0 = Debug|Any CPU
		{A2864E9C-DDD7-463E-B963-410768A16C4B}.Release|Mixed.ActiveCfg = Release|Any CPU
		{A2864E9C-DDD7-463E-B963-410768A16C4B}.Release|Mixed.Build.0 = Release|Any CPU
		{D076919A-FA21-48F5-A909-FC125AC51EBF}.Debug|Mixed.ActiveCfg = Debug|Any CPU
		{D076919A-FA21-48F5-A909-FC125AC51EBF}.Debug|Mixed.Build.0 = Debug|Any CPU
		{D076919A-FA21-48F5-A909-FC125AC51EBF}.Release|Mixed.ActiveCfg = Release|Any CPU
		{D076919A-FA21-48F5-A909-FC125AC51EBF}.Release|Mixed.Build.0 = Release|Any CPU
		{BFD9ED34-4066-47CC-9397-C3B1D728690E}.Debug|Mixed.ActiveCfg = Debug|Any CPU
		{BFD9ED34-4066-47CC-9397-C3B1D728690E}.Debug|Mixed.Build.0 = Debug|Any CPU
		{BFD9ED34-4066-47CC-9397-C3B1D728690E}.Release|Mixed.ActiveCfg = Release|Any CPU
		{BFD9ED34-4066-47CC-9397-C3B1D728690E}.Release|Mixed.Build.0 = Release|Any CPU
		{BD00310B-63F7-4356-9669-7035AFF6B9D3}.Debug|Mixed.ActiveCfg = Debug|Win32
		{BD00310B-63F7-4356-9669-7035AFF6B9D3}.Debug|Mixed.Build.0 = Debug|Win32
		{BD00310B-63F7-4356-9669-7035AFF6B9D3}.Release|Mixed.ActiveCfg = Release|Win32
		{BD00310B-63F7-4356-9669-7035AFF6B9D3}.Release|Mixed.Build.0 = Release|Win32
		{87A03B93-355A-4F2B-8BC6-EE1459DE10DD}.Debug|Mixed.ActiveCfg = Debug|x64
		{87A03B93-355A-4F2B-8BC6-EE1459DE10DD}.Debug|Mixed.Build.0 = Debug|x64
		{87A03B93-355A-4F2B-8BC6-EE1459DE10DD}.Release|Mixed.ActiveCfg = Release|x64
		{87A03B93-355A-4F2B-8BC6-EE1459DE10DD}.Release|Mixed.Build.0 = Release|x64
		{937FFC26-543D-31F3-9D78-B0ADF6C120CC}.Debug|Mixed.ActiveCfg = Debug|x64
		{937FFC26-543D-31F3-9D78-B0ADF6C120CC}.Debug|Mixed.Build.0 = Debug|x64
		{937FFC26-543D-31F3-9D78-B0ADF6C120CC}.Release|Mixed.ActiveCfg = Release|x64
		{937FFC26-543D-31F3-9D78-B0ADF6C120CC}.Release|Mixed.Build.0 = Release|x64
		{4F6C75D7-33BC-4F9B-BA29-9CA213E6A005}.Debug|Mixed.ActiveCfg = Debug|Any CPU
		{4F6C75D7-33BC-4F9B-BA29-9CA213E6A005}.Debug|Mixed.Build.0 = Debug|Any CPU
		{4F6C75D7-33BC-4F9B-BA29-9CA213E6A005}.Release|Mixed.ActiveCfg = Release|Any CPU
		{4F6C75D7-33BC-4F9B-BA29-9CA213E6A005}.Release|Mixed.Build.0 = Release|Any CPU
		{75E45E90-2C6F-4512-A551-C255303C436F}.Debug|Mixed.ActiveCfg = Debug|Any CPU
		{75E45E90-2C6F-4512-A551-C255303C436F}.Debug|Mixed.Build.0 = Debug|Any CPU
		{75E45E90-2C6F-4512-A551-C255303C436F}.Release|Mixed.ActiveCfg = Release|Any CPU
		{75E45E90-2C6F-4512-A551-C255303C436F}.Release|Mixed.Build.0 = Release|Any CPU
		{BB5043FD-C71D-CCE0-1B94-71C08DF28686}.Debug|Mixed.ActiveCfg = Debug|Any CPU
		{BB5043FD-C71D-CCE0-1B94-71C08DF28686}.Debug|Mixed.Build.0 = Debug|Any CPU
		{BB5043FD-C71D-CCE0-1B94-71C08DF28686}.Release|Mixed.ActiveCfg = Release|Any CPU
		{BB5043FD-C71D-CCE0-1B94-71C08DF28686}.Release|Mixed.Build.0 = Release|Any CPU
		{0C3EB2F7-92BA-4895-99FC-7098A16FFE8C}.Debug|Mixed.ActiveCfg = Debug|Win32
		{0C3EB2F7-92BA-4895-99FC-7098A16FFE8C}.Debug|Mixed.Build.0 = Debug|Win32
		{0C3EB2F7-92BA-4895-99FC-7098A16FFE8C}.Release|Mixed.ActiveCfg = Release|Win32
		{0C3EB2F7-92BA-4895-99FC-7098A16FFE8C}.Release|Mixed.Build.0 = Release|Win32
		{71033F61-0D65-468E-81E7-A5765BCF9282}.Debug|Mixed.ActiveCfg = Debug|x64
		{71033F61-0D65-468E-81E7-A5765BCF9282}.Debug|Mixed.Build.0 = Debug|x64
		{71033F61-0D65-468E-81E7-A5765BCF9282}.Release|Mixed.ActiveCfg = Release|x64
		{71033F61-0D65-468E-81E7-A5765BCF9282}.Release|Mixed.Build.0 = Release|x64
		{5DE7F97C-B97B-489F-A1E4-9F9656317F94}.Debug|Mixed.ActiveCfg = Debug|Win32
		{5DE7F97C-B97B-489F-A1E4-9F9656317F94}.Debug|Mixed.Build.0 = Debug|Win32
		{5DE7F97C-B97B-489F-A1E4-9F9656317F94}.Release|Mixed.ActiveCfg = Release|Win32
		{5DE7F97C-B97B-489F-A1E4-9F9656317F94}.Release|Mixed.Build.0 = Release|Win32
		{E9771628-EF64-4DD8-9906-E7B1990A0FB9}.Debug|Mixed.ActiveCfg = Debug|x64
		{E9771628-EF64-4DD8-9906-E7B1990A0FB9}.Debug|Mixed.Build.0 = Debug|x64
		{E9771628-EF64-4DD8-9906-E7B1990A0FB9}.Release|Mixed.ActiveCfg = Release|x64
		{E9771628-EF64-4DD8-9906-E7B1990A0FB9}.Release|Mixed.Build.0 = Release|x64
		{D46A9A80-9DFA-4CBA-9FA3-4CFFDC5A142D}.Debug|Mixed.ActiveCfg = Debug|Any CPU
		{D46A9A80-9DFA-4CBA-9FA3-4CFFDC5A142D}.Debug|Mixed.Build.0 = Debug|Any CPU
		{D46A9A80-9DFA-4CBA-9FA3-4CFFDC5A142D}.Release|Mixed.ActiveCfg = Release|Any CPU
		{D46A9A80-9DFA-4CBA-9FA3-4CFFDC5A142D}.Release|Mixed.Build.0 = Release|Any CPU
		{8D85FAA3-C4F3-B8D4-EE81-EE865252B9E5}.Debug|Mixed.ActiveCfg = Debug|Any CPU
		{8D85FAA3-C4F3-B8D4-EE81-EE865252B9E5}.Debug|Mixed.Build.0 = Debug|Any CPU
		{8D85FAA3-C4F3-B8D4-EE81-EE865252B9E5}.Release|Mixed.ActiveCfg = Release|Any CPU
		{8D85FAA3-C4F3-B8D4-EE81-EE865252B9E5}.Release|Mixed.Build.0 = Release|Any CPU
		{7165FD4C-9A32-C868-C577-3A809620C9CF}.Debug|Mixed.ActiveCfg = Debug|Any CPU
		{7165FD4C-9A32-C868-C577-3A809620C9CF}.Debug|Mixed.Build.0 = Debug|Any CPU
		{7165FD4C-9A32-C868-C577-3A809620C9CF}.Release|Mixed.ActiveCfg = Release|Any CPU
		{7165FD4C-9A32-C868-C577-3A809620C9CF}.Release|Mixed.Build.0 = Release|Any CPU
		{BAEFE38C-A5ED-45A9-AC76-3B77F1CDD767}.Debug|Mixed.ActiveCfg = Debug|Any CPU
		{BAEFE38C-A5ED-45A9-AC76-3B77F1CDD767}.Debug|Mixed.Build.0 = Debug|Any CPU
		{BAEFE38C-A5ED-45A9-AC76-3B77F1CDD767}.Release|Mixed.ActiveCfg = Release|Any CPU
		{BAEFE38C-A5ED-45A9-AC76-3B77F1CDD767}.Release|Mixed.Build.0 = Release|Any CPU
		{1CB19F8D-45C7-AC35-FCB5-ED28719BCEDD}.Debug|Mixed.ActiveCfg = Debug|Any CPU
		{1CB19F8D-45C7-AC35-FCB5-ED28719BCEDD}.Debug|Mixed.Build.0 = Debug|Any CPU
		{1CB19F8D-45C7-AC35-FCB5-ED28719BCEDD}.Release|Mixed.ActiveCfg = Release|Any CPU
		{1CB19F8D-45C7-AC35-FCB5-ED28719BCEDD}.Release|Mixed.Build.0 = Release|Any CPU
	EndGlobalSection
	GlobalSection(SolutionProperties) = preSolution
		HideSolutionNode = FALSE
	EndGlobalSection
	GlobalSection(NestedProjects) = preSolution
		{D1ACBDEC-184B-4F5B-85CD-E02B5F712121} = {0E8DBEA2-CED1-45BE-9446-934E5FEAF6B6}
		{8DF5D538-941D-44E8-803E-9E135926EBE8} = {3CA60CA5-1EF0-44DC-8AE9-E29D79889307}
		{A0CC829C-E3B5-419B-A303-5A710389B74D} = {3CA60CA5-1EF0-44DC-8AE9-E29D79889307}
		{776CB808-45B2-4D13-8B5D-E48BD0B37AB2} = {3CA60CA5-1EF0-44DC-8AE9-E29D79889307}
		{0FE20420-27E2-467F-AB2D-78B6A795B255} = {3CA60CA5-1EF0-44DC-8AE9-E29D79889307}
		{36994939-E133-43BD-8819-48EECF943E7E} = {C6382446-FD96-4972-A246-138CCBB436AB}
		{BFD7273C-97B4-428F-BB5E-C1299B2EBA41} = {C6382446-FD96-4972-A246-138CCBB436AB}
		{2ADCC09E-E6B0-4D3F-9789-69B257DC77A5} = {3CA60CA5-1EF0-44DC-8AE9-E29D79889307}
		{6A7830BB-A9C9-4375-8419-72E28F96FDEA} = {3CA60CA5-1EF0-44DC-8AE9-E29D79889307}
		{150D1E84-A740-44FA-A245-719C88297524} = {0E8DBEA2-CED1-45BE-9446-934E5FEAF6B6}
		{022107D8-0318-43FA-A183-7E3279131308} = {0E8DBEA2-CED1-45BE-9446-934E5FEAF6B6}
		{62F04F34-6B70-4A71-878D-39E4C2B88B83} = {0E8DBEA2-CED1-45BE-9446-934E5FEAF6B6}
		{3CA60CA5-1EF0-44DC-8AE9-E29D79889307} = {0E8DBEA2-CED1-45BE-9446-934E5FEAF6B6}
		{7639EAA9-E75C-4117-A199-3CB3D6522A1D} = {3CA60CA5-1EF0-44DC-8AE9-E29D79889307}
		{52FBCBDC-C347-4A0A-BE58-29E749A755A3} = {0E8DBEA2-CED1-45BE-9446-934E5FEAF6B6}
		{2823B68C-0B36-3BDA-857B-CF8C5ECD95B9} = {62F04F34-6B70-4A71-878D-39E4C2B88B83}
		{9B25E3D2-91A8-4784-A3A3-39C1BE36A52A} = {3CA60CA5-1EF0-44DC-8AE9-E29D79889307}
		{6BECE792-2088-3C21-A86B-D4665F85BD5B} = {62F04F34-6B70-4A71-878D-39E4C2B88B83}
		{7184D643-E932-3C21-AF55-9620E7A4D856} = {62F04F34-6B70-4A71-878D-39E4C2B88B83}
		{34F5EBED-7E7E-352E-9834-DC48564899FC} = {62F04F34-6B70-4A71-878D-39E4C2B88B83}
		{AE55C782-4498-38A2-B93E-965A4F6B7834} = {62F04F34-6B70-4A71-878D-39E4C2B88B83}
		{34AD5E44-7F16-4A11-BF6F-4CBB6AF76880} = {C6382446-FD96-4972-A246-138CCBB436AB}
		{032DE66E-1E4E-4A17-BB76-E8A53064F20C} = {2A7A3D94-43E3-415A-9B67-743E3E07E91B}
		{D679777B-9059-405D-B186-1B5B290AAA85} = {2A7A3D94-43E3-415A-9B67-743E3E07E91B}
		{6317BE0B-2F14-4665-A9C3-FC63D797B963} = {2A7A3D94-43E3-415A-9B67-743E3E07E91B}
		{09FFD0FC-7995-4310-867F-F4832E446CAC} = {2A7A3D94-43E3-415A-9B67-743E3E07E91B}
		{7497163C-AA7D-4AB1-BFFB-10220209B99C} = {2A7A3D94-43E3-415A-9B67-743E3E07E91B}
		{34BBD94E-87A6-44A2-9C63-24366D8F7DD9} = {7497163C-AA7D-4AB1-BFFB-10220209B99C}
		{F3714CAB-A63D-4F89-BF6A-7B3442508712} = {7497163C-AA7D-4AB1-BFFB-10220209B99C}
		{A2864E9C-DDD7-463E-B963-410768A16C4B} = {2A7A3D94-43E3-415A-9B67-743E3E07E91B}
		{D076919A-FA21-48F5-A909-FC125AC51EBF} = {2A7A3D94-43E3-415A-9B67-743E3E07E91B}
		{C6382446-FD96-4972-A246-138CCBB436AB} = {0E8DBEA2-CED1-45BE-9446-934E5FEAF6B6}
		{BFD9ED34-4066-47CC-9397-C3B1D728690E} = {C6382446-FD96-4972-A246-138CCBB436AB}
		{BD00310B-63F7-4356-9669-7035AFF6B9D3} = {3CA60CA5-1EF0-44DC-8AE9-E29D79889307}
		{87A03B93-355A-4F2B-8BC6-EE1459DE10DD} = {3CA60CA5-1EF0-44DC-8AE9-E29D79889307}
		{937FFC26-543D-31F3-9D78-B0ADF6C120CC} = {62F04F34-6B70-4A71-878D-39E4C2B88B83}
		{B9C3CEAD-E0DC-4AC5-81FE-491A2B6A5BDE} = {2A7A3D94-43E3-415A-9B67-743E3E07E91B}
		{4F6C75D7-33BC-4F9B-BA29-9CA213E6A005} = {B9C3CEAD-E0DC-4AC5-81FE-491A2B6A5BDE}
		{75E45E90-2C6F-4512-A551-C255303C436F} = {B9C3CEAD-E0DC-4AC5-81FE-491A2B6A5BDE}
		{02EA681E-C7D8-13C7-8484-4AC65E1B71E8} = {0E8DBEA2-CED1-45BE-9446-934E5FEAF6B6}
		{BB5043FD-C71D-CCE0-1B94-71C08DF28686} = {02EA681E-C7D8-13C7-8484-4AC65E1B71E8}
		{0C3EB2F7-92BA-4895-99FC-7098A16FFE8C} = {02EA681E-C7D8-13C7-8484-4AC65E1B71E8}
		{71033F61-0D65-468E-81E7-A5765BCF9282} = {02EA681E-C7D8-13C7-8484-4AC65E1B71E8}
		{5DE7F97C-B97B-489F-A1E4-9F9656317F94} = {02EA681E-C7D8-13C7-8484-4AC65E1B71E8}
		{E9771628-EF64-4DD8-9906-E7B1990A0FB9} = {02EA681E-C7D8-13C7-8484-4AC65E1B71E8}
		{D46A9A80-9DFA-4CBA-9FA3-4CFFDC5A142D} = {02EA681E-C7D8-13C7-8484-4AC65E1B71E8}
		{8D85FAA3-C4F3-B8D4-EE81-EE865252B9E5} = {0E8DBEA2-CED1-45BE-9446-934E5FEAF6B6}
		{7165FD4C-9A32-C868-C577-3A809620C9CF} = {2A7A3D94-43E3-415A-9B67-743E3E07E91B}
		{BAEFE38C-A5ED-45A9-AC76-3B77F1CDD767} = {2A7A3D94-43E3-415A-9B67-743E3E07E91B}
		{1CB19F8D-45C7-AC35-FCB5-ED28719BCEDD} = {C6382446-FD96-4972-A246-138CCBB436AB}
	EndGlobalSection
	GlobalSection(ExtensibilityGlobals) = postSolution
		SolutionGuid = {177A059B-3AE0-4BFA-87F0-821E5ED60207}
	EndGlobalSection
EndGlobal
